
Microsoft Visual Studio Solution File, Format Version 12.00
# Visual Studio Version 16
VisualStudioVersion = 16.0.30717.126
MinimumVisualStudioVersion = 10.0.40219.1
Project("{FAE04EC0-301F-11D3-BF4B-00C04F79EFBC}") = "Benchmark.Tests", "src\Benchmark.Tests.csproj", "{55781EC5-3346-4F74-8314-8E981689B84D}"
EndProject
Global
	GlobalSection(SolutionConfigurationPlatforms) = preSolution
		Debug|Any CPU = Debug|Any CPU
		Release|Any CPU = Release|Any CPU
	EndGlobalSection
	GlobalSection(ProjectConfigurationPlatforms) = postSolution
		{55781EC5-3346-4F74-8314-8E981689B84D}.Debug|Any CPU.ActiveCfg = Debug|Any CPU
		{55781EC5-3346-4F74-8314-8E981689B84D}.Debug|Any CPU.Build.0 = Debug|Any CPU
		{55781EC5-3346-4F74-8314-8E981689B84D}.Release|Any CPU.ActiveCfg = Release|Any CPU
		{55781EC5-3346-4F74-8314-8E981689B84D}.Release|Any CPU.Build.0 = Release|Any CPU
	EndGlobalSection
	GlobalSection(SolutionProperties) = preSolution
		HideSolutionNode = FALSE
	EndGlobalSection
	GlobalSection(ExtensibilityGlobals) = postSolution
		SolutionGuid = {49E55489-0053-4F1A-A03F-722359E28751}
	EndGlobalSection
EndGlobal
